
Microsoft Visual Studio Solution File, Format Version 12.00
# Visual Studio Version 17
VisualStudioVersion = 17.1.32414.318
MinimumVisualStudioVersion = 10.0.40219.1
Project("{FAE04EC0-301F-11D3-BF4B-00C04F79EFBC}") = "ROUTEAPI", "ROUTEAPI\ROUTEAPI.csproj", "{3F35A988-C445-4807-B38F-9DED4177891C}"
EndProject
Global
	GlobalSection(SolutionConfigurationPlatforms) = preSolution
		Debug|Any CPU = Debug|Any CPU
		Release|Any CPU = Release|Any CPU
	EndGlobalSection
	GlobalSection(ProjectConfigurationPlatforms) = postSolution
		{3F35A988-C445-4807-B38F-9DED4177891C}.Debug|Any CPU.ActiveCfg = Debug|Any CPU
		{3F35A988-C445-4807-B38F-9DED4177891C}.Debug|Any CPU.Build.0 = Debug|Any CPU
		{3F35A988-C445-4807-B38F-9DED4177891C}.Release|Any CPU.ActiveCfg = Release|Any CPU
		{3F35A988-C445-4807-B38F-9DED4177891C}.Release|Any CPU.Build.0 = Release|Any CPU
	EndGlobalSection
	GlobalSection(SolutionProperties) = preSolution
		HideSolutionNode = FALSE
	EndGlobalSection
	GlobalSection(ExtensibilityGlobals) = postSolution
		SolutionGuid = {78E5B098-FB0C-4ACD-8DC1-2CB230D49124}
	EndGlobalSection
EndGlobal
